
Microsoft Visual Studio Solution File, Format Version 12.00
# Visual Studio Version 17
VisualStudioVersion = 17.7.34031.279
MinimumVisualStudioVersion = 10.0.40219.1
Project("{9A19103F-16F7-4668-BE54-9A1E7A4F7556}") = "PropHunt", "src\PropHunt.csproj", "{EAC0EADF-5878-4B66-89FA-23D3B7704CDF}"
EndProject
Global
	GlobalSection(SolutionConfigurationPlatforms) = preSolution
		Debug|Any CPU = Debug|Any CPU
		Release|Any CPU = Release|Any CPU
	EndGlobalSection
	GlobalSection(ProjectConfigurationPlatforms) = postSolution
		{EAC0EADF-5878-4B66-89FA-23D3B7704CDF}.Debug|Any CPU.ActiveCfg = Debug|Any CPU
		{EAC0EADF-5878-4B66-89FA-23D3B7704CDF}.Debug|Any CPU.Build.0 = Debug|Any CPU
		{EAC0EADF-5878-4B66-89FA-23D3B7704CDF}.Release|Any CPU.ActiveCfg = Release|Any CPU
		{EAC0EADF-5878-4B66-89FA-23D3B7704CDF}.Release|Any CPU.Build.0 = Release|Any CPU
	EndGlobalSection
	GlobalSection(SolutionProperties) = preSolution
		HideSolutionNode = FALSE
	EndGlobalSection
	GlobalSection(ExtensibilityGlobals) = postSolution
		SolutionGuid = {700AD889-06A7-423F-8914-50EB0C4E615B}
	EndGlobalSection
EndGlobal
